
Microsoft Visual Studio Solution File, Format Version 12.00
# Visual Studio Version 17
VisualStudioVersion = 17.4.33103.184
MinimumVisualStudioVersion = 10.0.40219.1
Project("{FAE04EC0-301F-11D3-BF4B-00C04F79EFBC}") = "Slayt2.1", "Slayt2.1\Slayt2.1.csproj", "{60067ACD-950A-4D21-B695-0A886CBFFCB0}"
EndProject
Project("{FAE04EC0-301F-11D3-BF4B-00C04F79EFBC}") = "Slayt2.2", "Slayt2.2\Slayt2.2.csproj", "{5D9AA290-EEF0-4600-99BD-1C9A5038213B}"
EndProject
Project("{FAE04EC0-301F-11D3-BF4B-00C04F79EFBC}") = "Slayt2.3", "Slayt2.3\Slayt2.3.csproj", "{15E2F079-CED2-4AB0-B8E8-EA1FA14FD182}"
EndProject
Project("{FAE04EC0-301F-11D3-BF4B-00C04F79EFBC}") = "Slayt2.4", "Slayt2.4\Slayt2.4.csproj", "{10AC4686-DA21-463A-AACF-9181640D29B5}"
EndProject
Project("{FAE04EC0-301F-11D3-BF4B-00C04F79EFBC}") = "Slayt2.5", "Slayt2.5\Slayt2.5.csproj", "{7DBE4CE2-DCCA-456B-A0CE-B5C0367EA298}"
EndProject
Project("{FAE04EC0-301F-11D3-BF4B-00C04F79EFBC}") = "Slayt2.6", "Slayt2.6\Slayt2.6.csproj", "{BAEE80FB-16AE-4FE8-9FB4-A8BBE8657C75}"
EndProject
Project("{FAE04EC0-301F-11D3-BF4B-00C04F79EFBC}") = "Slayt2.7", "Slayt2.7\Slayt2.7.csproj", "{CDADC5FB-5299-47A7-9FDC-7EB44DB9AEE8}"
EndProject
Project("{FAE04EC0-301F-11D3-BF4B-00C04F79EFBC}") = "Slayt2.8", "Slayt2.8\Slayt2.8.csproj", "{65E1D4C7-AD69-4EDE-A383-BABF58D13678}"
EndProject
Project("{FAE04EC0-301F-11D3-BF4B-00C04F79EFBC}") = "Slayt2.9", "Slayt2.9\Slayt2.9.csproj", "{94C015BA-9DDD-4689-9F15-8D9D62BEEDA3}"
EndProject
Project("{2150E333-8FDC-42A3-9474-1A3956D46DE8}") = "2.Slayt", "2.Slayt", "{59C2F5A4-92DC-4BB6-A341-44070BA6A7A8}"
EndProject
Project("{FAE04EC0-301F-11D3-BF4B-00C04F79EFBC}") = "Slayt2.I0", "Slayt2.10\Slayt2.I0.csproj", "{AAF84AF1-DB23-42AE-92DF-6B1424CA7B23}"
EndProject
Project("{FAE04EC0-301F-11D3-BF4B-00C04F79EFBC}") = "Slayt2.I1", "Slayt2.I1\Slayt2.I1.csproj", "{48D97C21-F0BF-4B64-AF13-8FC50CD751DD}"
EndProject
Project("{2150E333-8FDC-42A3-9474-1A3956D46DE8}") = "3.Slayt", "3.Slayt", "{7A8DEF46-267D-4C2A-9643-20C5157C785E}"
EndProject
Project("{FAE04EC0-301F-11D3-BF4B-00C04F79EFBC}") = "Slayt3.1", "Slayt3.1\Slayt3.1.csproj", "{C2640429-3AF8-401F-B209-B19504B33196}"
EndProject
Project("{FAE04EC0-301F-11D3-BF4B-00C04F79EFBC}") = "Slayt3.2", "Slayt3.2\Slayt3.2.csproj", "{1AF5F642-6F3A-42F0-8F63-0FDB035B9C9F}"
EndProject
Project("{FAE04EC0-301F-11D3-BF4B-00C04F79EFBC}") = "Slayt3.3", "Slayt3.3\Slayt3.3.csproj", "{F9920B18-CFB7-470C-B701-8C5566570553}"
EndProject
Project("{FAE04EC0-301F-11D3-BF4B-00C04F79EFBC}") = "Slayt3.4", "Slayt3.4\Slayt3.4.csproj", "{1C2BFBA6-A565-4D6E-AE70-1068EF3800F7}"
EndProject
Project("{FAE04EC0-301F-11D3-BF4B-00C04F79EFBC}") = "Slayt3.5", "Slayt3.5\Slayt3.5.csproj", "{C179E784-07C8-45B6-A957-3CEB1E1FFEB3}"
EndProject
Project("{FAE04EC0-301F-11D3-BF4B-00C04F79EFBC}") = "Slayt3.6", "Slayt3.6\Slayt3.6.csproj", "{B6357C0D-D08F-4121-8520-72D3489857C2}"
EndProject
Project("{FAE04EC0-301F-11D3-BF4B-00C04F79EFBC}") = "Slayt3.7", "Slayt3.7\Slayt3.7.csproj", "{CF956A81-5BAC-4962-9FD2-784964515828}"
EndProject
Project("{FAE04EC0-301F-11D3-BF4B-00C04F79EFBC}") = "Slayt3.8", "Slayt3.8\Slayt3.8.csproj", "{785CED0D-5020-4B6E-914E-7559DFED16DC}"
EndProject
Project("{FAE04EC0-301F-11D3-BF4B-00C04F79EFBC}") = "Slayt3.9", "Slayt3.9\Slayt3.9.csproj", "{E746C339-BB92-4CCE-B228-6323614B4A1C}"
EndProject
Project("{FAE04EC0-301F-11D3-BF4B-00C04F79EFBC}") = "Slayt3.I0", "Slayt3.I0\Slayt3.I0.csproj", "{762CDBCD-FCDB-48B3-A7AA-FD45D5219EE3}"
EndProject
Project("{FAE04EC0-301F-11D3-BF4B-00C04F79EFBC}") = "Slayt3.I1", "Slayt3.I1\Slayt3.I1.csproj", "{B7DDBAA8-9BA2-4BBF-BD55-8D25B361DAA8}"
EndProject
Project("{FAE04EC0-301F-11D3-BF4B-00C04F79EFBC}") = "Slayt3.I2", "Slayt3.I2\Slayt3.I2.csproj", "{EEFD543A-6D53-46A9-9FFF-F2C496F64093}"
EndProject
Project("{FAE04EC0-301F-11D3-BF4B-00C04F79EFBC}") = "Slayt3.I3", "Slayt3.I3\Slayt3.I3.csproj", "{ED192841-3A81-458F-8566-81813E29E753}"
EndProject
Project("{2150E333-8FDC-42A3-9474-1A3956D46DE8}") = "4.Slayt", "4.Slayt", "{E4FB9D2A-32DE-42F8-8457-1C86739B2D48}"
EndProject
Project("{FAE04EC0-301F-11D3-BF4B-00C04F79EFBC}") = "Slayt4.1", "Slayt4.1\Slayt4.1.csproj", "{519B487F-E9A6-47F5-A28D-CC335E6652FA}"
EndProject
Project("{FAE04EC0-301F-11D3-BF4B-00C04F79EFBC}") = "Slayt4.2", "Slayt4.2\Slayt4.2.csproj", "{5B038D4E-17F4-4CAA-92EF-FB031772F49F}"
EndProject
Project("{FAE04EC0-301F-11D3-BF4B-00C04F79EFBC}") = "Slayt4.3", "Slayt4.3\Slayt4.3.csproj", "{18CCE1F6-45A9-46F4-8BF2-8693CEDAEA90}"
EndProject
Project("{FAE04EC0-301F-11D3-BF4B-00C04F79EFBC}") = "Slayt4.4", "Slayt4.4\Slayt4.4.csproj", "{89DF94FF-852F-4972-A512-5D45565059FB}"
EndProject
Project("{FAE04EC0-301F-11D3-BF4B-00C04F79EFBC}") = "Slayt4.5", "Slayt4.5\Slayt4.5.csproj", "{AABEF5CC-F89F-4AE8-9EED-DEE3CACA454A}"
EndProject
Project("{FAE04EC0-301F-11D3-BF4B-00C04F79EFBC}") = "Slayt4.6", "Slayt4.6\Slayt4.6.csproj", "{1E1507A6-6212-4DB7-838E-C94CFC8CD237}"
EndProject
Project("{FAE04EC0-301F-11D3-BF4B-00C04F79EFBC}") = "Slayt4.7", "Slayt4.7\Slayt4.7.csproj", "{23ECC1B8-CBEF-4A9F-A028-20694399B9AB}"
EndProject
Project("{FAE04EC0-301F-11D3-BF4B-00C04F79EFBC}") = "Slayt4.8", "Slayt4.8\Slayt4.8.csproj", "{415D6E5B-C91E-455F-AA03-5D650B59C58D}"
EndProject
Project("{FAE04EC0-301F-11D3-BF4B-00C04F79EFBC}") = "Slayt4.9", "Slayt4.9\Slayt4.9.csproj", "{763BBB7C-ECB7-4827-AF5D-BE51B8D6D5CF}"
EndProject
Project("{2150E333-8FDC-42A3-9474-1A3956D46DE8}") = "5.Slayt", "5.Slayt", "{6D970795-7F1F-4095-B0BE-0A615BE43F98}"
EndProject
Project("{FAE04EC0-301F-11D3-BF4B-00C04F79EFBC}") = "Slayt5.1", "Slayt5.1\Slayt5.1.csproj", "{35D0F090-E62C-4A74-9501-79B2ED9761AC}"
EndProject
Project("{FAE04EC0-301F-11D3-BF4B-00C04F79EFBC}") = "Slayt5.2", "Slayt5.2\Slayt5.2.csproj", "{333CBD57-CB62-49D8-8EFE-D4A7CF4923E8}"
EndProject
Project("{FAE04EC0-301F-11D3-BF4B-00C04F79EFBC}") = "Slayt5.3", "Slayt5.3\Slayt5.3.csproj", "{EE1E3D61-D1A7-4653-80BA-6E1B7BC90D47}"
EndProject
Project("{FAE04EC0-301F-11D3-BF4B-00C04F79EFBC}") = "Slayt5.4", "Slayt5.4\Slayt5.4.csproj", "{EBEECF89-DC9A-4D51-B2F5-4EE545CFD113}"
EndProject
Project("{FAE04EC0-301F-11D3-BF4B-00C04F79EFBC}") = "Slayt5.5", "Slayt5.5\Slayt5.5.csproj", "{5994B911-99C7-4A14-ACB1-C62339C2A9AE}"
EndProject
Project("{FAE04EC0-301F-11D3-BF4B-00C04F79EFBC}") = "Slayt5.6", "Slayt5.6\Slayt5.6.csproj", "{E126D9DF-9ECD-45EA-8A82-1313217638D8}"
EndProject
Project("{FAE04EC0-301F-11D3-BF4B-00C04F79EFBC}") = "Slayt5.7", "Slayt5.7\Slayt5.7.csproj", "{54137DB7-8F8B-4BEE-9688-138BF49C5E8A}"
EndProject
Project("{FAE04EC0-301F-11D3-BF4B-00C04F79EFBC}") = "Slayt5.8", "Slayt5.8\Slayt5.8.csproj", "{17A556A4-C0C9-49ED-B781-3CA46D43713F}"
EndProject
Project("{FAE04EC0-301F-11D3-BF4B-00C04F79EFBC}") = "Slayt5.9", "Slayt5.9\Slayt5.9.csproj", "{6118C8E8-D95C-4507-86FF-9EA85A7E51A3}"
EndProject
Project("{2150E333-8FDC-42A3-9474-1A3956D46DE8}") = "9.Slayt", "9.Slayt", "{D8478FCC-7573-4E89-888C-D5A78A2EF01C}"
EndProject
Project("{FAE04EC0-301F-11D3-BF4B-00C04F79EFBC}") = "Slayt9.1", "Slayt9.1\Slayt9.1.csproj", "{2A7D7EF1-B291-41C0-8533-B82113D14C1F}"
EndProject
Project("{FAE04EC0-301F-11D3-BF4B-00C04F79EFBC}") = "Slayt9.2", "Slayt9.2\Slayt9.2.csproj", "{03271B53-2663-46FE-9C4E-F1547AB33FD0}"
EndProject
Project("{FAE04EC0-301F-11D3-BF4B-00C04F79EFBC}") = "Slayt9.3", "Slayt9.3\Slayt9.3.csproj", "{94C657EA-A788-48B2-8FA2-494227DC3085}"
EndProject
Project("{FAE04EC0-301F-11D3-BF4B-00C04F79EFBC}") = "Slayt9.4", "Slayt9.4\Slayt9.4.csproj", "{C9C0E27D-360F-4D5B-B0BB-CFBE6EEEE83D}"
EndProject
Project("{FAE04EC0-301F-11D3-BF4B-00C04F79EFBC}") = "Slayt9.5", "Slayt9.5\Slayt9.5.csproj", "{55579FEF-E950-455F-A38D-E2D21C562BC6}"
EndProject
Project("{FAE04EC0-301F-11D3-BF4B-00C04F79EFBC}") = "Slayt9.6", "Slayt9.6\Slayt9.6.csproj", "{875E6702-7878-419B-B723-8562BCABA72F}"
EndProject
Project("{FAE04EC0-301F-11D3-BF4B-00C04F79EFBC}") = "Slayt9.7", "Slayt9.7\Slayt9.7.csproj", "{FBD5BEBA-8B31-4ED2-B954-0AF7E7427FA8}"
EndProject
Project("{FAE04EC0-301F-11D3-BF4B-00C04F79EFBC}") = "Slayt9.8", "Slayt9.8\Slayt9.8.csproj", "{40A07B28-0AA2-476B-889A-A10268AAD496}"
EndProject
Project("{FAE04EC0-301F-11D3-BF4B-00C04F79EFBC}") = "Slayt9.9", "Slayt9.9\Slayt9.9.csproj", "{6D955902-8E92-4061-8B01-0FBA5994054F}"
EndProject
Project("{FAE04EC0-301F-11D3-BF4B-00C04F79EFBC}") = "Slayt9.I0", "Slayt9.10\Slayt9.I0.csproj", "{8EB20119-8B20-4172-A469-748C854D5BC4}"
EndProject
Project("{FAE04EC0-301F-11D3-BF4B-00C04F79EFBC}") = "Slayt9.I1", "Slayt9.II\Slayt9.I1.csproj", "{F9681D08-9632-4A05-B589-CA88470EDC4E}"
EndProject
Project("{FAE04EC0-301F-11D3-BF4B-00C04F79EFBC}") = "Slayt9.I2", "Slayt9.I2\Slayt9.I2.csproj", "{2EDB05E3-7BF4-47DC-9DF6-FCE97585D82C}"
EndProject
Project("{FAE04EC0-301F-11D3-BF4B-00C04F79EFBC}") = "Slayt9.I3", "SlaytI3\Slayt9.I3.csproj", "{56525678-7011-487E-8626-AD43FEEA8495}"
EndProject
Project("{FAE04EC0-301F-11D3-BF4B-00C04F79EFBC}") = "Slayt9.I4", "SlaytI4\Slayt9.I4.csproj", "{249E98CD-F148-45ED-B22C-F81D5B36B3BA}"
EndProject
Project("{FAE04EC0-301F-11D3-BF4B-00C04F79EFBC}") = "Slayt9.I5", "SlaytI5\Slayt9.I5.csproj", "{5C74BBF7-BC7C-45C6-8C0B-197E340E127E}"
EndProject
Project("{2150E333-8FDC-42A3-9474-1A3956D46DE8}") = "I0.Slayt", "I0.Slayt", "{92E20C07-979F-4A72-B94C-586DF5849C64}"
EndProject
Project("{FAE04EC0-301F-11D3-BF4B-00C04F79EFBC}") = "SlaytI0.1", "Slayt10.1\SlaytI0.1.csproj", "{25F8B64F-5B47-4330-9DAC-1BBD1F0125A8}"
EndProject
Project("{FAE04EC0-301F-11D3-BF4B-00C04F79EFBC}") = "SlaytI0.2", "SlaytI0.2\SlaytI0.2.csproj", "{E85E8360-930C-42BA-8B3B-81B5BCCDF2E1}"
EndProject
Project("{FAE04EC0-301F-11D3-BF4B-00C04F79EFBC}") = "SlaytI0.3", "SlaytI0.3\SlaytI0.3.csproj", "{2C5D9BDB-1626-42DB-B0B2-37933EBAEA73}"
EndProject
Project("{FAE04EC0-301F-11D3-BF4B-00C04F79EFBC}") = "SlaytI0.4", "SlaytI0.4\SlaytI0.4.csproj", "{FB574EEB-9A01-4851-811B-8C107E096394}"
EndProject
Project("{FAE04EC0-301F-11D3-BF4B-00C04F79EFBC}") = "SlaytI0.5", "SlaytI0.5\SlaytI0.5.csproj", "{77F8349A-A8EF-4BA0-9673-786B8F0486B5}"
EndProject
Project("{FAE04EC0-301F-11D3-BF4B-00C04F79EFBC}") = "SlaytI0.6", "SlaytI0.6\SlaytI0.6.csproj", "{0415F327-D09E-4869-AAB5-E7BBB29388FA}"
EndProject
Project("{FAE04EC0-301F-11D3-BF4B-00C04F79EFBC}") = "SlaytI0.7", "SlaytI0.7\SlaytI0.7.csproj", "{956A30B2-0E3B-49DC-8A98-3FCF09828833}"
EndProject
Project("{FAE04EC0-301F-11D3-BF4B-00C04F79EFBC}") = "SlaytI0.8", "SlaytI0.8\SlaytI0.8.csproj", "{131A9A7D-0D8F-4589-9F39-5FAA36CED193}"
EndProject
Project("{FAE04EC0-301F-11D3-BF4B-00C04F79EFBC}") = "SlaytI0.9", "SlaytI0.9\SlaytI0.9.csproj", "{8D4DDB19-723E-421A-B802-B759D492AD9C}"
EndProject
Project("{2150E333-8FDC-42A3-9474-1A3956D46DE8}") = "6.Slayt", "6.Slayt", "{A7087A35-3649-4E20-AD55-034252968218}"
EndProject
Project("{2150E333-8FDC-42A3-9474-1A3956D46DE8}") = "7.Slayt", "7.Slayt", "{B8F5F7EC-547C-49DF-8156-A6D0391BA5BE}"
EndProject
Project("{2150E333-8FDC-42A3-9474-1A3956D46DE8}") = "8.Slayt", "8.Slayt", "{7E5BD11B-C87B-40B1-85EE-573B7C5B599B}"
EndProject
Project("{FAE04EC0-301F-11D3-BF4B-00C04F79EFBC}") = "Slayt7.1", "Slayt7.1\Slayt7.1.csproj", "{777100F1-D85A-46A5-B244-5B1AFC328A32}"
EndProject
Project("{FAE04EC0-301F-11D3-BF4B-00C04F79EFBC}") = "Slayt7.2", "Slayt7.2\Slayt7.2.csproj", "{AC8EB8CA-E872-4138-A818-35F3DED6FF6B}"
EndProject
Project("{FAE04EC0-301F-11D3-BF4B-00C04F79EFBC}") = "Slayt8.1", "Slayt8.1\Slayt8.1.csproj", "{AAF3BEDC-3809-4452-A4D4-F9C2AEFA675B}"
EndProject
Project("{FAE04EC0-301F-11D3-BF4B-00C04F79EFBC}") = "Slayt8.2", "Slayt8.2\Slayt8.2.csproj", "{16ADF7F8-50FA-48AF-B740-8D70ED16C971}"
EndProject
Project("{FAE04EC0-301F-11D3-BF4B-00C04F79EFBC}") = "Slayt6.1", "Slayt6.1\Slayt6.1.csproj", "{46A9541C-FB42-4091-91A0-AF1DA11B8C6E}"
EndProject
Project("{FAE04EC0-301F-11D3-BF4B-00C04F79EFBC}") = "Slayt6.2", "Slayt6.2\Slayt6.2.csproj", "{17AC0FEA-0918-4F5D-8262-FB5FD4CD6E6B}"
EndProject
Project("{FAE04EC0-301F-11D3-BF4B-00C04F79EFBC}") = "Slayt6.3", "Slayt6.3\Slayt6.3.csproj", "{8EEC7601-C21E-4FA7-A5EE-560A7D315E94}"
EndProject
Project("{FAE04EC0-301F-11D3-BF4B-00C04F79EFBC}") = "Slayt6.4", "Slayt6.4\Slayt6.4.csproj", "{F9B75D77-6A2A-41AA-AD7B-CF261941E275}"
EndProject
Project("{FAE04EC0-301F-11D3-BF4B-00C04F79EFBC}") = "Slayt6.5", "Slayt6.5\Slayt6.5.csproj", "{A8FD9938-6DCA-4BE1-9881-7F5AE8901E3D}"
EndProject
Project("{FAE04EC0-301F-11D3-BF4B-00C04F79EFBC}") = "Slayt6.6", "Slayt6.6\Slayt6.6.csproj", "{8574C81F-71C4-4AE2-BE31-937A9EA79058}"
EndProject
Project("{FAE04EC0-301F-11D3-BF4B-00C04F79EFBC}") = "Slayt6.7", "Slayt6.7\Slayt6.7.csproj", "{7F36711E-AA95-4824-BEA3-6077005D0E75}"
EndProject
Project("{FAE04EC0-301F-11D3-BF4B-00C04F79EFBC}") = "Slayt6.8", "Slayt6.8\Slayt6.8.csproj", "{9EA5B1CE-3D5B-4296-9C53-B366553EB2B7}"
EndProject
Project("{FAE04EC0-301F-11D3-BF4B-00C04F79EFBC}") = "Slayt6.9", "Slayt6.9\Slayt6.9.csproj", "{1BB5ACD0-13D5-410A-BCB9-E78F58B2261A}"
EndProject
Global
	GlobalSection(SolutionConfigurationPlatforms) = preSolution
		Debug|Any CPU = Debug|Any CPU
		Release|Any CPU = Release|Any CPU
	EndGlobalSection
	GlobalSection(ProjectConfigurationPlatforms) = postSolution
		{60067ACD-950A-4D21-B695-0A886CBFFCB0}.Debug|Any CPU.ActiveCfg = Debug|Any CPU
		{60067ACD-950A-4D21-B695-0A886CBFFCB0}.Debug|Any CPU.Build.0 = Debug|Any CPU
		{60067ACD-950A-4D21-B695-0A886CBFFCB0}.Release|Any CPU.ActiveCfg = Release|Any CPU
		{60067ACD-950A-4D21-B695-0A886CBFFCB0}.Release|Any CPU.Build.0 = Release|Any CPU
		{5D9AA290-EEF0-4600-99BD-1C9A5038213B}.Debug|Any CPU.ActiveCfg = Debug|Any CPU
		{5D9AA290-EEF0-4600-99BD-1C9A5038213B}.Debug|Any CPU.Build.0 = Debug|Any CPU
		{5D9AA290-EEF0-4600-99BD-1C9A5038213B}.Release|Any CPU.ActiveCfg = Release|Any CPU
		{5D9AA290-EEF0-4600-99BD-1C9A5038213B}.Release|Any CPU.Build.0 = Release|Any CPU
		{15E2F079-CED2-4AB0-B8E8-EA1FA14FD182}.Debug|Any CPU.ActiveCfg = Debug|Any CPU
		{15E2F079-CED2-4AB0-B8E8-EA1FA14FD182}.Debug|Any CPU.Build.0 = Debug|Any CPU
		{15E2F079-CED2-4AB0-B8E8-EA1FA14FD182}.Release|Any CPU.ActiveCfg = Release|Any CPU
		{15E2F079-CED2-4AB0-B8E8-EA1FA14FD182}.Release|Any CPU.Build.0 = Release|Any CPU
		{10AC4686-DA21-463A-AACF-9181640D29B5}.Debug|Any CPU.ActiveCfg = Debug|Any CPU
		{10AC4686-DA21-463A-AACF-9181640D29B5}.Debug|Any CPU.Build.0 = Debug|Any CPU
		{10AC4686-DA21-463A-AACF-9181640D29B5}.Release|Any CPU.ActiveCfg = Release|Any CPU
		{10AC4686-DA21-463A-AACF-9181640D29B5}.Release|Any CPU.Build.0 = Release|Any CPU
		{7DBE4CE2-DCCA-456B-A0CE-B5C0367EA298}.Debug|Any CPU.ActiveCfg = Debug|Any CPU
		{7DBE4CE2-DCCA-456B-A0CE-B5C0367EA298}.Debug|Any CPU.Build.0 = Debug|Any CPU
		{7DBE4CE2-DCCA-456B-A0CE-B5C0367EA298}.Release|Any CPU.ActiveCfg = Release|Any CPU
		{7DBE4CE2-DCCA-456B-A0CE-B5C0367EA298}.Release|Any CPU.Build.0 = Release|Any CPU
		{BAEE80FB-16AE-4FE8-9FB4-A8BBE8657C75}.Debug|Any CPU.ActiveCfg = Debug|Any CPU
		{BAEE80FB-16AE-4FE8-9FB4-A8BBE8657C75}.Debug|Any CPU.Build.0 = Debug|Any CPU
		{BAEE80FB-16AE-4FE8-9FB4-A8BBE8657C75}.Release|Any CPU.ActiveCfg = Release|Any CPU
		{BAEE80FB-16AE-4FE8-9FB4-A8BBE8657C75}.Release|Any CPU.Build.0 = Release|Any CPU
		{CDADC5FB-5299-47A7-9FDC-7EB44DB9AEE8}.Debug|Any CPU.ActiveCfg = Debug|Any CPU
		{CDADC5FB-5299-47A7-9FDC-7EB44DB9AEE8}.Debug|Any CPU.Build.0 = Debug|Any CPU
		{CDADC5FB-5299-47A7-9FDC-7EB44DB9AEE8}.Release|Any CPU.ActiveCfg = Release|Any CPU
		{CDADC5FB-5299-47A7-9FDC-7EB44DB9AEE8}.Release|Any CPU.Build.0 = Release|Any CPU
		{65E1D4C7-AD69-4EDE-A383-BABF58D13678}.Debug|Any CPU.ActiveCfg = Debug|Any CPU
		{65E1D4C7-AD69-4EDE-A383-BABF58D13678}.Debug|Any CPU.Build.0 = Debug|Any CPU
		{65E1D4C7-AD69-4EDE-A383-BABF58D13678}.Release|Any CPU.ActiveCfg = Release|Any CPU
		{65E1D4C7-AD69-4EDE-A383-BABF58D13678}.Release|Any CPU.Build.0 = Release|Any CPU
		{94C015BA-9DDD-4689-9F15-8D9D62BEEDA3}.Debug|Any CPU.ActiveCfg = Debug|Any CPU
		{94C015BA-9DDD-4689-9F15-8D9D62BEEDA3}.Debug|Any CPU.Build.0 = Debug|Any CPU
		{94C015BA-9DDD-4689-9F15-8D9D62BEEDA3}.Release|Any CPU.ActiveCfg = Release|Any CPU
		{94C015BA-9DDD-4689-9F15-8D9D62BEEDA3}.Release|Any CPU.Build.0 = Release|Any CPU
		{AAF84AF1-DB23-42AE-92DF-6B1424CA7B23}.Debug|Any CPU.ActiveCfg = Debug|Any CPU
		{AAF84AF1-DB23-42AE-92DF-6B1424CA7B23}.Debug|Any CPU.Build.0 = Debug|Any CPU
		{AAF84AF1-DB23-42AE-92DF-6B1424CA7B23}.Release|Any CPU.ActiveCfg = Release|Any CPU
		{AAF84AF1-DB23-42AE-92DF-6B1424CA7B23}.Release|Any CPU.Build.0 = Release|Any CPU
		{48D97C21-F0BF-4B64-AF13-8FC50CD751DD}.Debug|Any CPU.ActiveCfg = Debug|Any CPU
		{48D97C21-F0BF-4B64-AF13-8FC50CD751DD}.Debug|Any CPU.Build.0 = Debug|Any CPU
		{48D97C21-F0BF-4B64-AF13-8FC50CD751DD}.Release|Any CPU.ActiveCfg = Release|Any CPU
		{48D97C21-F0BF-4B64-AF13-8FC50CD751DD}.Release|Any CPU.Build.0 = Release|Any CPU
		{C2640429-3AF8-401F-B209-B19504B33196}.Debug|Any CPU.ActiveCfg = Debug|Any CPU
		{C2640429-3AF8-401F-B209-B19504B33196}.Debug|Any CPU.Build.0 = Debug|Any CPU
		{C2640429-3AF8-401F-B209-B19504B33196}.Release|Any CPU.ActiveCfg = Release|Any CPU
		{C2640429-3AF8-401F-B209-B19504B33196}.Release|Any CPU.Build.0 = Release|Any CPU
		{1AF5F642-6F3A-42F0-8F63-0FDB035B9C9F}.Debug|Any CPU.ActiveCfg = Debug|Any CPU
		{1AF5F642-6F3A-42F0-8F63-0FDB035B9C9F}.Debug|Any CPU.Build.0 = Debug|Any CPU
		{1AF5F642-6F3A-42F0-8F63-0FDB035B9C9F}.Release|Any CPU.ActiveCfg = Release|Any CPU
		{1AF5F642-6F3A-42F0-8F63-0FDB035B9C9F}.Release|Any CPU.Build.0 = Release|Any CPU
		{F9920B18-CFB7-470C-B701-8C5566570553}.Debug|Any CPU.ActiveCfg = Debug|Any CPU
		{F9920B18-CFB7-470C-B701-8C5566570553}.Debug|Any CPU.Build.0 = Debug|Any CPU
		{F9920B18-CFB7-470C-B701-8C5566570553}.Release|Any CPU.ActiveCfg = Release|Any CPU
		{F9920B18-CFB7-470C-B701-8C5566570553}.Release|Any CPU.Build.0 = Release|Any CPU
		{1C2BFBA6-A565-4D6E-AE70-1068EF3800F7}.Debug|Any CPU.ActiveCfg = Debug|Any CPU
		{1C2BFBA6-A565-4D6E-AE70-1068EF3800F7}.Debug|Any CPU.Build.0 = Debug|Any CPU
		{1C2BFBA6-A565-4D6E-AE70-1068EF3800F7}.Release|Any CPU.ActiveCfg = Release|Any CPU
		{1C2BFBA6-A565-4D6E-AE70-1068EF3800F7}.Release|Any CPU.Build.0 = Release|Any CPU
		{C179E784-07C8-45B6-A957-3CEB1E1FFEB3}.Debug|Any CPU.ActiveCfg = Debug|Any CPU
		{C179E784-07C8-45B6-A957-3CEB1E1FFEB3}.Debug|Any CPU.Build.0 = Debug|Any CPU
		{C179E784-07C8-45B6-A957-3CEB1E1FFEB3}.Release|Any CPU.ActiveCfg = Release|Any CPU
		{C179E784-07C8-45B6-A957-3CEB1E1FFEB3}.Release|Any CPU.Build.0 = Release|Any CPU
		{B6357C0D-D08F-4121-8520-72D3489857C2}.Debug|Any CPU.ActiveCfg = Debug|Any CPU
		{B6357C0D-D08F-4121-8520-72D3489857C2}.Debug|Any CPU.Build.0 = Debug|Any CPU
		{B6357C0D-D08F-4121-8520-72D3489857C2}.Release|Any CPU.ActiveCfg = Release|Any CPU
		{B6357C0D-D08F-4121-8520-72D3489857C2}.Release|Any CPU.Build.0 = Release|Any CPU
		{CF956A81-5BAC-4962-9FD2-784964515828}.Debug|Any CPU.ActiveCfg = Debug|Any CPU
		{CF956A81-5BAC-4962-9FD2-784964515828}.Debug|Any CPU.Build.0 = Debug|Any CPU
		{CF956A81-5BAC-4962-9FD2-784964515828}.Release|Any CPU.ActiveCfg = Release|Any CPU
		{CF956A81-5BAC-4962-9FD2-784964515828}.Release|Any CPU.Build.0 = Release|Any CPU
		{785CED0D-5020-4B6E-914E-7559DFED16DC}.Debug|Any CPU.ActiveCfg = Debug|Any CPU
		{785CED0D-5020-4B6E-914E-7559DFED16DC}.Debug|Any CPU.Build.0 = Debug|Any CPU
		{785CED0D-5020-4B6E-914E-7559DFED16DC}.Release|Any CPU.ActiveCfg = Release|Any CPU
		{785CED0D-5020-4B6E-914E-7559DFED16DC}.Release|Any CPU.Build.0 = Release|Any CPU
		{E746C339-BB92-4CCE-B228-6323614B4A1C}.Debug|Any CPU.ActiveCfg = Debug|Any CPU
		{E746C339-BB92-4CCE-B228-6323614B4A1C}.Debug|Any CPU.Build.0 = Debug|Any CPU
		{E746C339-BB92-4CCE-B228-6323614B4A1C}.Release|Any CPU.ActiveCfg = Release|Any CPU
		{E746C339-BB92-4CCE-B228-6323614B4A1C}.Release|Any CPU.Build.0 = Release|Any CPU
		{762CDBCD-FCDB-48B3-A7AA-FD45D5219EE3}.Debug|Any CPU.ActiveCfg = Debug|Any CPU
		{762CDBCD-FCDB-48B3-A7AA-FD45D5219EE3}.Debug|Any CPU.Build.0 = Debug|Any CPU
		{762CDBCD-FCDB-48B3-A7AA-FD45D5219EE3}.Release|Any CPU.ActiveCfg = Release|Any CPU
		{762CDBCD-FCDB-48B3-A7AA-FD45D5219EE3}.Release|Any CPU.Build.0 = Release|Any CPU
		{B7DDBAA8-9BA2-4BBF-BD55-8D25B361DAA8}.Debug|Any CPU.ActiveCfg = Debug|Any CPU
		{B7DDBAA8-9BA2-4BBF-BD55-8D25B361DAA8}.Debug|Any CPU.Build.0 = Debug|Any CPU
		{B7DDBAA8-9BA2-4BBF-BD55-8D25B361DAA8}.Release|Any CPU.ActiveCfg = Release|Any CPU
		{B7DDBAA8-9BA2-4BBF-BD55-8D25B361DAA8}.Release|Any CPU.Build.0 = Release|Any CPU
		{EEFD543A-6D53-46A9-9FFF-F2C496F64093}.Debug|Any CPU.ActiveCfg = Debug|Any CPU
		{EEFD543A-6D53-46A9-9FFF-F2C496F64093}.Debug|Any CPU.Build.0 = Debug|Any CPU
		{EEFD543A-6D53-46A9-9FFF-F2C496F64093}.Release|Any CPU.ActiveCfg = Release|Any CPU
		{EEFD543A-6D53-46A9-9FFF-F2C496F64093}.Release|Any CPU.Build.0 = Release|Any CPU
		{ED192841-3A81-458F-8566-81813E29E753}.Debug|Any CPU.ActiveCfg = Debug|Any CPU
		{ED192841-3A81-458F-8566-81813E29E753}.Debug|Any CPU.Build.0 = Debug|Any CPU
		{ED192841-3A81-458F-8566-81813E29E753}.Release|Any CPU.ActiveCfg = Release|Any CPU
		{ED192841-3A81-458F-8566-81813E29E753}.Release|Any CPU.Build.0 = Release|Any CPU
		{519B487F-E9A6-47F5-A28D-CC335E6652FA}.Debug|Any CPU.ActiveCfg = Debug|Any CPU
		{519B487F-E9A6-47F5-A28D-CC335E6652FA}.Debug|Any CPU.Build.0 = Debug|Any CPU
		{519B487F-E9A6-47F5-A28D-CC335E6652FA}.Release|Any CPU.ActiveCfg = Release|Any CPU
		{519B487F-E9A6-47F5-A28D-CC335E6652FA}.Release|Any CPU.Build.0 = Release|Any CPU
		{5B038D4E-17F4-4CAA-92EF-FB031772F49F}.Debug|Any CPU.ActiveCfg = Debug|Any CPU
		{5B038D4E-17F4-4CAA-92EF-FB031772F49F}.Debug|Any CPU.Build.0 = Debug|Any CPU
		{5B038D4E-17F4-4CAA-92EF-FB031772F49F}.Release|Any CPU.ActiveCfg = Release|Any CPU
		{5B038D4E-17F4-4CAA-92EF-FB031772F49F}.Release|Any CPU.Build.0 = Release|Any CPU
		{18CCE1F6-45A9-46F4-8BF2-8693CEDAEA90}.Debug|Any CPU.ActiveCfg = Debug|Any CPU
		{18CCE1F6-45A9-46F4-8BF2-8693CEDAEA90}.Debug|Any CPU.Build.0 = Debug|Any CPU
		{18CCE1F6-45A9-46F4-8BF2-8693CEDAEA90}.Release|Any CPU.ActiveCfg = Release|Any CPU
		{18CCE1F6-45A9-46F4-8BF2-8693CEDAEA90}.Release|Any CPU.Build.0 = Release|Any CPU
		{89DF94FF-852F-4972-A512-5D45565059FB}.Debug|Any CPU.ActiveCfg = Debug|Any CPU
		{89DF94FF-852F-4972-A512-5D45565059FB}.Debug|Any CPU.Build.0 = Debug|Any CPU
		{89DF94FF-852F-4972-A512-5D45565059FB}.Release|Any CPU.ActiveCfg = Release|Any CPU
		{89DF94FF-852F-4972-A512-5D45565059FB}.Release|Any CPU.Build.0 = Release|Any CPU
		{AABEF5CC-F89F-4AE8-9EED-DEE3CACA454A}.Debug|Any CPU.ActiveCfg = Debug|Any CPU
		{AABEF5CC-F89F-4AE8-9EED-DEE3CACA454A}.Debug|Any CPU.Build.0 = Debug|Any CPU
		{AABEF5CC-F89F-4AE8-9EED-DEE3CACA454A}.Release|Any CPU.ActiveCfg = Release|Any CPU
		{AABEF5CC-F89F-4AE8-9EED-DEE3CACA454A}.Release|Any CPU.Build.0 = Release|Any CPU
		{1E1507A6-6212-4DB7-838E-C94CFC8CD237}.Debug|Any CPU.ActiveCfg = Debug|Any CPU
		{1E1507A6-6212-4DB7-838E-C94CFC8CD237}.Debug|Any CPU.Build.0 = Debug|Any CPU
		{1E1507A6-6212-4DB7-838E-C94CFC8CD237}.Release|Any CPU.ActiveCfg = Release|Any CPU
		{1E1507A6-6212-4DB7-838E-C94CFC8CD237}.Release|Any CPU.Build.0 = Release|Any CPU
		{23ECC1B8-CBEF-4A9F-A028-20694399B9AB}.Debug|Any CPU.ActiveCfg = Debug|Any CPU
		{23ECC1B8-CBEF-4A9F-A028-20694399B9AB}.Debug|Any CPU.Build.0 = Debug|Any CPU
		{23ECC1B8-CBEF-4A9F-A028-20694399B9AB}.Release|Any CPU.ActiveCfg = Release|Any CPU
		{23ECC1B8-CBEF-4A9F-A028-20694399B9AB}.Release|Any CPU.Build.0 = Release|Any CPU
		{415D6E5B-C91E-455F-AA03-5D650B59C58D}.Debug|Any CPU.ActiveCfg = Debug|Any CPU
		{415D6E5B-C91E-455F-AA03-5D650B59C58D}.Debug|Any CPU.Build.0 = Debug|Any CPU
		{415D6E5B-C91E-455F-AA03-5D650B59C58D}.Release|Any CPU.ActiveCfg = Release|Any CPU
		{415D6E5B-C91E-455F-AA03-5D650B59C58D}.Release|Any CPU.Build.0 = Release|Any CPU
		{763BBB7C-ECB7-4827-AF5D-BE51B8D6D5CF}.Debug|Any CPU.ActiveCfg = Debug|Any CPU
		{763BBB7C-ECB7-4827-AF5D-BE51B8D6D5CF}.Debug|Any CPU.Build.0 = Debug|Any CPU
		{763BBB7C-ECB7-4827-AF5D-BE51B8D6D5CF}.Release|Any CPU.ActiveCfg = Release|Any CPU
		{763BBB7C-ECB7-4827-AF5D-BE51B8D6D5CF}.Release|Any CPU.Build.0 = Release|Any CPU
		{35D0F090-E62C-4A74-9501-79B2ED9761AC}.Debug|Any CPU.ActiveCfg = Debug|Any CPU
		{35D0F090-E62C-4A74-9501-79B2ED9761AC}.Debug|Any CPU.Build.0 = Debug|Any CPU
		{35D0F090-E62C-4A74-9501-79B2ED9761AC}.Release|Any CPU.ActiveCfg = Release|Any CPU
		{35D0F090-E62C-4A74-9501-79B2ED9761AC}.Release|Any CPU.Build.0 = Release|Any CPU
		{333CBD57-CB62-49D8-8EFE-D4A7CF4923E8}.Debug|Any CPU.ActiveCfg = Debug|Any CPU
		{333CBD57-CB62-49D8-8EFE-D4A7CF4923E8}.Debug|Any CPU.Build.0 = Debug|Any CPU
		{333CBD57-CB62-49D8-8EFE-D4A7CF4923E8}.Release|Any CPU.ActiveCfg = Release|Any CPU
		{333CBD57-CB62-49D8-8EFE-D4A7CF4923E8}.Release|Any CPU.Build.0 = Release|Any CPU
		{EE1E3D61-D1A7-4653-80BA-6E1B7BC90D47}.Debug|Any CPU.ActiveCfg = Debug|Any CPU
		{EE1E3D61-D1A7-4653-80BA-6E1B7BC90D47}.Debug|Any CPU.Build.0 = Debug|Any CPU
		{EE1E3D61-D1A7-4653-80BA-6E1B7BC90D47}.Release|Any CPU.ActiveCfg = Release|Any CPU
		{EE1E3D61-D1A7-4653-80BA-6E1B7BC90D47}.Release|Any CPU.Build.0 = Release|Any CPU
		{EBEECF89-DC9A-4D51-B2F5-4EE545CFD113}.Debug|Any CPU.ActiveCfg = Debug|Any CPU
		{EBEECF89-DC9A-4D51-B2F5-4EE545CFD113}.Debug|Any CPU.Build.0 = Debug|Any CPU
		{EBEECF89-DC9A-4D51-B2F5-4EE545CFD113}.Release|Any CPU.ActiveCfg = Release|Any CPU
		{EBEECF89-DC9A-4D51-B2F5-4EE545CFD113}.Release|Any CPU.Build.0 = Release|Any CPU
		{5994B911-99C7-4A14-ACB1-C62339C2A9AE}.Debug|Any CPU.ActiveCfg = Debug|Any CPU
		{5994B911-99C7-4A14-ACB1-C62339C2A9AE}.Debug|Any CPU.Build.0 = Debug|Any CPU
		{5994B911-99C7-4A14-ACB1-C62339C2A9AE}.Release|Any CPU.ActiveCfg = Release|Any CPU
		{5994B911-99C7-4A14-ACB1-C62339C2A9AE}.Release|Any CPU.Build.0 = Release|Any CPU
		{E126D9DF-9ECD-45EA-8A82-1313217638D8}.Debug|Any CPU.ActiveCfg = Debug|Any CPU
		{E126D9DF-9ECD-45EA-8A82-1313217638D8}.Debug|Any CPU.Build.0 = Debug|Any CPU
		{E126D9DF-9ECD-45EA-8A82-1313217638D8}.Release|Any CPU.ActiveCfg = Release|Any CPU
		{E126D9DF-9ECD-45EA-8A82-1313217638D8}.Release|Any CPU.Build.0 = Release|Any CPU
		{54137DB7-8F8B-4BEE-9688-138BF49C5E8A}.Debug|Any CPU.ActiveCfg = Debug|Any CPU
		{54137DB7-8F8B-4BEE-9688-138BF49C5E8A}.Debug|Any CPU.Build.0 = Debug|Any CPU
		{54137DB7-8F8B-4BEE-9688-138BF49C5E8A}.Release|Any CPU.ActiveCfg = Release|Any CPU
		{54137DB7-8F8B-4BEE-9688-138BF49C5E8A}.Release|Any CPU.Build.0 = Release|Any CPU
		{17A556A4-C0C9-49ED-B781-3CA46D43713F}.Debug|Any CPU.ActiveCfg = Debug|Any CPU
		{17A556A4-C0C9-49ED-B781-3CA46D43713F}.Debug|Any CPU.Build.0 = Debug|Any CPU
		{17A556A4-C0C9-49ED-B781-3CA46D43713F}.Release|Any CPU.ActiveCfg = Release|Any CPU
		{17A556A4-C0C9-49ED-B781-3CA46D43713F}.Release|Any CPU.Build.0 = Release|Any CPU
		{6118C8E8-D95C-4507-86FF-9EA85A7E51A3}.Debug|Any CPU.ActiveCfg = Debug|Any CPU
		{6118C8E8-D95C-4507-86FF-9EA85A7E51A3}.Debug|Any CPU.Build.0 = Debug|Any CPU
		{6118C8E8-D95C-4507-86FF-9EA85A7E51A3}.Release|Any CPU.ActiveCfg = Release|Any CPU
		{6118C8E8-D95C-4507-86FF-9EA85A7E51A3}.Release|Any CPU.Build.0 = Release|Any CPU
		{2A7D7EF1-B291-41C0-8533-B82113D14C1F}.Debug|Any CPU.ActiveCfg = Debug|Any CPU
		{2A7D7EF1-B291-41C0-8533-B82113D14C1F}.Debug|Any CPU.Build.0 = Debug|Any CPU
		{2A7D7EF1-B291-41C0-8533-B82113D14C1F}.Release|Any CPU.ActiveCfg = Release|Any CPU
		{2A7D7EF1-B291-41C0-8533-B82113D14C1F}.Release|Any CPU.Build.0 = Release|Any CPU
		{03271B53-2663-46FE-9C4E-F1547AB33FD0}.Debug|Any CPU.ActiveCfg = Debug|Any CPU
		{03271B53-2663-46FE-9C4E-F1547AB33FD0}.Debug|Any CPU.Build.0 = Debug|Any CPU
		{03271B53-2663-46FE-9C4E-F1547AB33FD0}.Release|Any CPU.ActiveCfg = Release|Any CPU
		{03271B53-2663-46FE-9C4E-F1547AB33FD0}.Release|Any CPU.Build.0 = Release|Any CPU
		{94C657EA-A788-48B2-8FA2-494227DC3085}.Debug|Any CPU.ActiveCfg = Debug|Any CPU
		{94C657EA-A788-48B2-8FA2-494227DC3085}.Debug|Any CPU.Build.0 = Debug|Any CPU
		{94C657EA-A788-48B2-8FA2-494227DC3085}.Release|Any CPU.ActiveCfg = Release|Any CPU
		{94C657EA-A788-48B2-8FA2-494227DC3085}.Release|Any CPU.Build.0 = Release|Any CPU
		{C9C0E27D-360F-4D5B-B0BB-CFBE6EEEE83D}.Debug|Any CPU.ActiveCfg = Debug|Any CPU
		{C9C0E27D-360F-4D5B-B0BB-CFBE6EEEE83D}.Debug|Any CPU.Build.0 = Debug|Any CPU
		{C9C0E27D-360F-4D5B-B0BB-CFBE6EEEE83D}.Release|Any CPU.ActiveCfg = Release|Any CPU
		{C9C0E27D-360F-4D5B-B0BB-CFBE6EEEE83D}.Release|Any CPU.Build.0 = Release|Any CPU
		{55579FEF-E950-455F-A38D-E2D21C562BC6}.Debug|Any CPU.ActiveCfg = Debug|Any CPU
		{55579FEF-E950-455F-A38D-E2D21C562BC6}.Debug|Any CPU.Build.0 = Debug|Any CPU
		{55579FEF-E950-455F-A38D-E2D21C562BC6}.Release|Any CPU.ActiveCfg = Release|Any CPU
		{55579FEF-E950-455F-A38D-E2D21C562BC6}.Release|Any CPU.Build.0 = Release|Any CPU
		{875E6702-7878-419B-B723-8562BCABA72F}.Debug|Any CPU.ActiveCfg = Debug|Any CPU
		{875E6702-7878-419B-B723-8562BCABA72F}.Debug|Any CPU.Build.0 = Debug|Any CPU
		{875E6702-7878-419B-B723-8562BCABA72F}.Release|Any CPU.ActiveCfg = Release|Any CPU
		{875E6702-7878-419B-B723-8562BCABA72F}.Release|Any CPU.Build.0 = Release|Any CPU
		{FBD5BEBA-8B31-4ED2-B954-0AF7E7427FA8}.Debug|Any CPU.ActiveCfg = Debug|Any CPU
		{FBD5BEBA-8B31-4ED2-B954-0AF7E7427FA8}.Debug|Any CPU.Build.0 = Debug|Any CPU
		{FBD5BEBA-8B31-4ED2-B954-0AF7E7427FA8}.Release|Any CPU.ActiveCfg = Release|Any CPU
		{FBD5BEBA-8B31-4ED2-B954-0AF7E7427FA8}.Release|Any CPU.Build.0 = Release|Any CPU
		{40A07B28-0AA2-476B-889A-A10268AAD496}.Debug|Any CPU.ActiveCfg = Debug|Any CPU
		{40A07B28-0AA2-476B-889A-A10268AAD496}.Debug|Any CPU.Build.0 = Debug|Any CPU
		{40A07B28-0AA2-476B-889A-A10268AAD496}.Release|Any CPU.ActiveCfg = Release|Any CPU
		{40A07B28-0AA2-476B-889A-A10268AAD496}.Release|Any CPU.Build.0 = Release|Any CPU
		{6D955902-8E92-4061-8B01-0FBA5994054F}.Debug|Any CPU.ActiveCfg = Debug|Any CPU
		{6D955902-8E92-4061-8B01-0FBA5994054F}.Debug|Any CPU.Build.0 = Debug|Any CPU
		{6D955902-8E92-4061-8B01-0FBA5994054F}.Release|Any CPU.ActiveCfg = Release|Any CPU
		{6D955902-8E92-4061-8B01-0FBA5994054F}.Release|Any CPU.Build.0 = Release|Any CPU
		{8EB20119-8B20-4172-A469-748C854D5BC4}.Debug|Any CPU.ActiveCfg = Debug|Any CPU
		{8EB20119-8B20-4172-A469-748C854D5BC4}.Debug|Any CPU.Build.0 = Debug|Any CPU
		{8EB20119-8B20-4172-A469-748C854D5BC4}.Release|Any CPU.ActiveCfg = Release|Any CPU
		{8EB20119-8B20-4172-A469-748C854D5BC4}.Release|Any CPU.Build.0 = Release|Any CPU
		{F9681D08-9632-4A05-B589-CA88470EDC4E}.Debug|Any CPU.ActiveCfg = Debug|Any CPU
		{F9681D08-9632-4A05-B589-CA88470EDC4E}.Debug|Any CPU.Build.0 = Debug|Any CPU
		{F9681D08-9632-4A05-B589-CA88470EDC4E}.Release|Any CPU.ActiveCfg = Release|Any CPU
		{F9681D08-9632-4A05-B589-CA88470EDC4E}.Release|Any CPU.Build.0 = Release|Any CPU
		{2EDB05E3-7BF4-47DC-9DF6-FCE97585D82C}.Debug|Any CPU.ActiveCfg = Debug|Any CPU
		{2EDB05E3-7BF4-47DC-9DF6-FCE97585D82C}.Debug|Any CPU.Build.0 = Debug|Any CPU
		{2EDB05E3-7BF4-47DC-9DF6-FCE97585D82C}.Release|Any CPU.ActiveCfg = Release|Any CPU
		{2EDB05E3-7BF4-47DC-9DF6-FCE97585D82C}.Release|Any CPU.Build.0 = Release|Any CPU
		{56525678-7011-487E-8626-AD43FEEA8495}.Debug|Any CPU.ActiveCfg = Debug|Any CPU
		{56525678-7011-487E-8626-AD43FEEA8495}.Debug|Any CPU.Build.0 = Debug|Any CPU
		{56525678-7011-487E-8626-AD43FEEA8495}.Release|Any CPU.ActiveCfg = Release|Any CPU
		{56525678-7011-487E-8626-AD43FEEA8495}.Release|Any CPU.Build.0 = Release|Any CPU
		{249E98CD-F148-45ED-B22C-F81D5B36B3BA}.Debug|Any CPU.ActiveCfg = Debug|Any CPU
		{249E98CD-F148-45ED-B22C-F81D5B36B3BA}.Debug|Any CPU.Build.0 = Debug|Any CPU
		{249E98CD-F148-45ED-B22C-F81D5B36B3BA}.Release|Any CPU.ActiveCfg = Release|Any CPU
		{249E98CD-F148-45ED-B22C-F81D5B36B3BA}.Release|Any CPU.Build.0 = Release|Any CPU
		{5C74BBF7-BC7C-45C6-8C0B-197E340E127E}.Debug|Any CPU.ActiveCfg = Debug|Any CPU
		{5C74BBF7-BC7C-45C6-8C0B-197E340E127E}.Debug|Any CPU.Build.0 = Debug|Any CPU
		{5C74BBF7-BC7C-45C6-8C0B-197E340E127E}.Release|Any CPU.ActiveCfg = Release|Any CPU
		{5C74BBF7-BC7C-45C6-8C0B-197E340E127E}.Release|Any CPU.Build.0 = Release|Any CPU
		{25F8B64F-5B47-4330-9DAC-1BBD1F0125A8}.Debug|Any CPU.ActiveCfg = Debug|Any CPU
		{25F8B64F-5B47-4330-9DAC-1BBD1F0125A8}.Debug|Any CPU.Build.0 = Debug|Any CPU
		{25F8B64F-5B47-4330-9DAC-1BBD1F0125A8}.Release|Any CPU.ActiveCfg = Release|Any CPU
		{25F8B64F-5B47-4330-9DAC-1BBD1F0125A8}.Release|Any CPU.Build.0 = Release|Any CPU
		{E85E8360-930C-42BA-8B3B-81B5BCCDF2E1}.Debug|Any CPU.ActiveCfg = Debug|Any CPU
		{E85E8360-930C-42BA-8B3B-81B5BCCDF2E1}.Debug|Any CPU.Build.0 = Debug|Any CPU
		{E85E8360-930C-42BA-8B3B-81B5BCCDF2E1}.Release|Any CPU.ActiveCfg = Release|Any CPU
		{E85E8360-930C-42BA-8B3B-81B5BCCDF2E1}.Release|Any CPU.Build.0 = Release|Any CPU
		{2C5D9BDB-1626-42DB-B0B2-37933EBAEA73}.Debug|Any CPU.ActiveCfg = Debug|Any CPU
		{2C5D9BDB-1626-42DB-B0B2-37933EBAEA73}.Debug|Any CPU.Build.0 = Debug|Any CPU
		{2C5D9BDB-1626-42DB-B0B2-37933EBAEA73}.Release|Any CPU.ActiveCfg = Release|Any CPU
		{2C5D9BDB-1626-42DB-B0B2-37933EBAEA73}.Release|Any CPU.Build.0 = Release|Any CPU
		{FB574EEB-9A01-4851-811B-8C107E096394}.Debug|Any CPU.ActiveCfg = Debug|Any CPU
		{FB574EEB-9A01-4851-811B-8C107E096394}.Debug|Any CPU.Build.0 = Debug|Any CPU
		{FB574EEB-9A01-4851-811B-8C107E096394}.Release|Any CPU.ActiveCfg = Release|Any CPU
		{FB574EEB-9A01-4851-811B-8C107E096394}.Release|Any CPU.Build.0 = Release|Any CPU
		{77F8349A-A8EF-4BA0-9673-786B8F0486B5}.Debug|Any CPU.ActiveCfg = Debug|Any CPU
		{77F8349A-A8EF-4BA0-9673-786B8F0486B5}.Debug|Any CPU.Build.0 = Debug|Any CPU
		{77F8349A-A8EF-4BA0-9673-786B8F0486B5}.Release|Any CPU.ActiveCfg = Release|Any CPU
		{77F8349A-A8EF-4BA0-9673-786B8F0486B5}.Release|Any CPU.Build.0 = Release|Any CPU
		{0415F327-D09E-4869-AAB5-E7BBB29388FA}.Debug|Any CPU.ActiveCfg = Debug|Any CPU
		{0415F327-D09E-4869-AAB5-E7BBB29388FA}.Debug|Any CPU.Build.0 = Debug|Any CPU
		{0415F327-D09E-4869-AAB5-E7BBB29388FA}.Release|Any CPU.ActiveCfg = Release|Any CPU
		{0415F327-D09E-4869-AAB5-E7BBB29388FA}.Release|Any CPU.Build.0 = Release|Any CPU
		{956A30B2-0E3B-49DC-8A98-3FCF09828833}.Debug|Any CPU.ActiveCfg = Debug|Any CPU
		{956A30B2-0E3B-49DC-8A98-3FCF09828833}.Debug|Any CPU.Build.0 = Debug|Any CPU
		{956A30B2-0E3B-49DC-8A98-3FCF09828833}.Release|Any CPU.ActiveCfg = Release|Any CPU
		{956A30B2-0E3B-49DC-8A98-3FCF09828833}.Release|Any CPU.Build.0 = Release|Any CPU
		{131A9A7D-0D8F-4589-9F39-5FAA36CED193}.Debug|Any CPU.ActiveCfg = Debug|Any CPU
		{131A9A7D-0D8F-4589-9F39-5FAA36CED193}.Debug|Any CPU.Build.0 = Debug|Any CPU
		{131A9A7D-0D8F-4589-9F39-5FAA36CED193}.Release|Any CPU.ActiveCfg = Release|Any CPU
		{131A9A7D-0D8F-4589-9F39-5FAA36CED193}.Release|Any CPU.Build.0 = Release|Any CPU
		{8D4DDB19-723E-421A-B802-B759D492AD9C}.Debug|Any CPU.ActiveCfg = Debug|Any CPU
		{8D4DDB19-723E-421A-B802-B759D492AD9C}.Debug|Any CPU.Build.0 = Debug|Any CPU
		{8D4DDB19-723E-421A-B802-B759D492AD9C}.Release|Any CPU.ActiveCfg = Release|Any CPU
		{8D4DDB19-723E-421A-B802-B759D492AD9C}.Release|Any CPU.Build.0 = Release|Any CPU
		{777100F1-D85A-46A5-B244-5B1AFC328A32}.Debug|Any CPU.ActiveCfg = Debug|Any CPU
		{777100F1-D85A-46A5-B244-5B1AFC328A32}.Debug|Any CPU.Build.0 = Debug|Any CPU
		{777100F1-D85A-46A5-B244-5B1AFC328A32}.Release|Any CPU.ActiveCfg = Release|Any CPU
		{777100F1-D85A-46A5-B244-5B1AFC328A32}.Release|Any CPU.Build.0 = Release|Any CPU
		{AC8EB8CA-E872-4138-A818-35F3DED6FF6B}.Debug|Any CPU.ActiveCfg = Debug|Any CPU
		{AC8EB8CA-E872-4138-A818-35F3DED6FF6B}.Debug|Any CPU.Build.0 = Debug|Any CPU
		{AC8EB8CA-E872-4138-A818-35F3DED6FF6B}.Release|Any CPU.ActiveCfg = Release|Any CPU
		{AC8EB8CA-E872-4138-A818-35F3DED6FF6B}.Release|Any CPU.Build.0 = Release|Any CPU
		{AAF3BEDC-3809-4452-A4D4-F9C2AEFA675B}.Debug|Any CPU.ActiveCfg = Debug|Any CPU
		{AAF3BEDC-3809-4452-A4D4-F9C2AEFA675B}.Debug|Any CPU.Build.0 = Debug|Any CPU
		{AAF3BEDC-3809-4452-A4D4-F9C2AEFA675B}.Release|Any CPU.ActiveCfg = Release|Any CPU
		{AAF3BEDC-3809-4452-A4D4-F9C2AEFA675B}.Release|Any CPU.Build.0 = Release|Any CPU
		{16ADF7F8-50FA-48AF-B740-8D70ED16C971}.Debug|Any CPU.ActiveCfg = Debug|Any CPU
		{16ADF7F8-50FA-48AF-B740-8D70ED16C971}.Debug|Any CPU.Build.0 = Debug|Any CPU
		{16ADF7F8-50FA-48AF-B740-8D70ED16C971}.Release|Any CPU.ActiveCfg = Release|Any CPU
		{16ADF7F8-50FA-48AF-B740-8D70ED16C971}.Release|Any CPU.Build.0 = Release|Any CPU
		{46A9541C-FB42-4091-91A0-AF1DA11B8C6E}.Debug|Any CPU.ActiveCfg = Debug|Any CPU
		{46A9541C-FB42-4091-91A0-AF1DA11B8C6E}.Debug|Any CPU.Build.0 = Debug|Any CPU
		{46A9541C-FB42-4091-91A0-AF1DA11B8C6E}.Release|Any CPU.ActiveCfg = Release|Any CPU
		{46A9541C-FB42-4091-91A0-AF1DA11B8C6E}.Release|Any CPU.Build.0 = Release|Any CPU
		{17AC0FEA-0918-4F5D-8262-FB5FD4CD6E6B}.Debug|Any CPU.ActiveCfg = Debug|Any CPU
		{17AC0FEA-0918-4F5D-8262-FB5FD4CD6E6B}.Debug|Any CPU.Build.0 = Debug|Any CPU
		{17AC0FEA-0918-4F5D-8262-FB5FD4CD6E6B}.Release|Any CPU.ActiveCfg = Release|Any CPU
		{17AC0FEA-0918-4F5D-8262-FB5FD4CD6E6B}.Release|Any CPU.Build.0 = Release|Any CPU
		{8EEC7601-C21E-4FA7-A5EE-560A7D315E94}.Debug|Any CPU.ActiveCfg = Debug|Any CPU
		{8EEC7601-C21E-4FA7-A5EE-560A7D315E94}.Debug|Any CPU.Build.0 = Debug|Any CPU
		{8EEC7601-C21E-4FA7-A5EE-560A7D315E94}.Release|Any CPU.ActiveCfg = Release|Any CPU
		{8EEC7601-C21E-4FA7-A5EE-560A7D315E94}.Release|Any CPU.Build.0 = Release|Any CPU
		{F9B75D77-6A2A-41AA-AD7B-CF261941E275}.Debug|Any CPU.ActiveCfg = Debug|Any CPU
		{F9B75D77-6A2A-41AA-AD7B-CF261941E275}.Debug|Any CPU.Build.0 = Debug|Any CPU
		{F9B75D77-6A2A-41AA-AD7B-CF261941E275}.Release|Any CPU.ActiveCfg = Release|Any CPU
		{F9B75D77-6A2A-41AA-AD7B-CF261941E275}.Release|Any CPU.Build.0 = Release|Any CPU
		{A8FD9938-6DCA-4BE1-9881-7F5AE8901E3D}.Debug|Any CPU.ActiveCfg = Debug|Any CPU
		{A8FD9938-6DCA-4BE1-9881-7F5AE8901E3D}.Debug|Any CPU.Build.0 = Debug|Any CPU
		{A8FD9938-6DCA-4BE1-9881-7F5AE8901E3D}.Release|Any CPU.ActiveCfg = Release|Any CPU
		{A8FD9938-6DCA-4BE1-9881-7F5AE8901E3D}.Release|Any CPU.Build.0 = Release|Any CPU
		{8574C81F-71C4-4AE2-BE31-937A9EA79058}.Debug|Any CPU.ActiveCfg = Debug|Any CPU
		{8574C81F-71C4-4AE2-BE31-937A9EA79058}.Debug|Any CPU.Build.0 = Debug|Any CPU
		{8574C81F-71C4-4AE2-BE31-937A9EA79058}.Release|Any CPU.ActiveCfg = Release|Any CPU
		{8574C81F-71C4-4AE2-BE31-937A9EA79058}.Release|Any CPU.Build.0 = Release|Any CPU
		{7F36711E-AA95-4824-BEA3-6077005D0E75}.Debug|Any CPU.ActiveCfg = Debug|Any CPU
		{7F36711E-AA95-4824-BEA3-6077005D0E75}.Debug|Any CPU.Build.0 = Debug|Any CPU
		{7F36711E-AA95-4824-BEA3-6077005D0E75}.Release|Any CPU.ActiveCfg = Release|Any CPU
		{7F36711E-AA95-4824-BEA3-6077005D0E75}.Release|Any CPU.Build.0 = Release|Any CPU
		{9EA5B1CE-3D5B-4296-9C53-B366553EB2B7}.Debug|Any CPU.ActiveCfg = Debug|Any CPU
		{9EA5B1CE-3D5B-4296-9C53-B366553EB2B7}.Debug|Any CPU.Build.0 = Debug|Any CPU
		{9EA5B1CE-3D5B-4296-9C53-B366553EB2B7}.Release|Any CPU.ActiveCfg = Release|Any CPU
		{9EA5B1CE-3D5B-4296-9C53-B366553EB2B7}.Release|Any CPU.Build.0 = Release|Any CPU
		{1BB5ACD0-13D5-410A-BCB9-E78F58B2261A}.Debug|Any CPU.ActiveCfg = Debug|Any CPU
		{1BB5ACD0-13D5-410A-BCB9-E78F58B2261A}.Debug|Any CPU.Build.0 = Debug|Any CPU
		{1BB5ACD0-13D5-410A-BCB9-E78F58B2261A}.Release|Any CPU.ActiveCfg = Release|Any CPU
		{1BB5ACD0-13D5-410A-BCB9-E78F58B2261A}.Release|Any CPU.Build.0 = Release|Any CPU
	EndGlobalSection
	GlobalSection(SolutionProperties) = preSolution
		HideSolutionNode = FALSE
	EndGlobalSection
	GlobalSection(NestedProjects) = preSolution
		{60067ACD-950A-4D21-B695-0A886CBFFCB0} = {59C2F5A4-92DC-4BB6-A341-44070BA6A7A8}
		{5D9AA290-EEF0-4600-99BD-1C9A5038213B} = {59C2F5A4-92DC-4BB6-A341-44070BA6A7A8}
		{15E2F079-CED2-4AB0-B8E8-EA1FA14FD182} = {59C2F5A4-92DC-4BB6-A341-44070BA6A7A8}
		{10AC4686-DA21-463A-AACF-9181640D29B5} = {59C2F5A4-92DC-4BB6-A341-44070BA6A7A8}
		{7DBE4CE2-DCCA-456B-A0CE-B5C0367EA298} = {59C2F5A4-92DC-4BB6-A341-44070BA6A7A8}
		{BAEE80FB-16AE-4FE8-9FB4-A8BBE8657C75} = {59C2F5A4-92DC-4BB6-A341-44070BA6A7A8}
		{CDADC5FB-5299-47A7-9FDC-7EB44DB9AEE8} = {59C2F5A4-92DC-4BB6-A341-44070BA6A7A8}
		{65E1D4C7-AD69-4EDE-A383-BABF58D13678} = {59C2F5A4-92DC-4BB6-A341-44070BA6A7A8}
		{94C015BA-9DDD-4689-9F15-8D9D62BEEDA3} = {59C2F5A4-92DC-4BB6-A341-44070BA6A7A8}
		{AAF84AF1-DB23-42AE-92DF-6B1424CA7B23} = {59C2F5A4-92DC-4BB6-A341-44070BA6A7A8}
		{48D97C21-F0BF-4B64-AF13-8FC50CD751DD} = {59C2F5A4-92DC-4BB6-A341-44070BA6A7A8}
		{C2640429-3AF8-401F-B209-B19504B33196} = {7A8DEF46-267D-4C2A-9643-20C5157C785E}
		{1AF5F642-6F3A-42F0-8F63-0FDB035B9C9F} = {7A8DEF46-267D-4C2A-9643-20C5157C785E}
		{F9920B18-CFB7-470C-B701-8C5566570553} = {7A8DEF46-267D-4C2A-9643-20C5157C785E}
		{1C2BFBA6-A565-4D6E-AE70-1068EF3800F7} = {7A8DEF46-267D-4C2A-9643-20C5157C785E}
		{C179E784-07C8-45B6-A957-3CEB1E1FFEB3} = {7A8DEF46-267D-4C2A-9643-20C5157C785E}
		{B6357C0D-D08F-4121-8520-72D3489857C2} = {7A8DEF46-267D-4C2A-9643-20C5157C785E}
		{CF956A81-5BAC-4962-9FD2-784964515828} = {7A8DEF46-267D-4C2A-9643-20C5157C785E}
		{785CED0D-5020-4B6E-914E-7559DFED16DC} = {7A8DEF46-267D-4C2A-9643-20C5157C785E}
		{E746C339-BB92-4CCE-B228-6323614B4A1C} = {7A8DEF46-267D-4C2A-9643-20C5157C785E}
		{762CDBCD-FCDB-48B3-A7AA-FD45D5219EE3} = {7A8DEF46-267D-4C2A-9643-20C5157C785E}
		{B7DDBAA8-9BA2-4BBF-BD55-8D25B361DAA8} = {7A8DEF46-267D-4C2A-9643-20C5157C785E}
		{EEFD543A-6D53-46A9-9FFF-F2C496F64093} = {7A8DEF46-267D-4C2A-9643-20C5157C785E}
		{ED192841-3A81-458F-8566-81813E29E753} = {7A8DEF46-267D-4C2A-9643-20C5157C785E}
		{519B487F-E9A6-47F5-A28D-CC335E6652FA} = {E4FB9D2A-32DE-42F8-8457-1C86739B2D48}
		{5B038D4E-17F4-4CAA-92EF-FB031772F49F} = {E4FB9D2A-32DE-42F8-8457-1C86739B2D48}
		{18CCE1F6-45A9-46F4-8BF2-8693CEDAEA90} = {E4FB9D2A-32DE-42F8-8457-1C86739B2D48}
		{89DF94FF-852F-4972-A512-5D45565059FB} = {E4FB9D2A-32DE-42F8-8457-1C86739B2D48}
		{AABEF5CC-F89F-4AE8-9EED-DEE3CACA454A} = {E4FB9D2A-32DE-42F8-8457-1C86739B2D48}
		{1E1507A6-6212-4DB7-838E-C94CFC8CD237} = {E4FB9D2A-32DE-42F8-8457-1C86739B2D48}
		{23ECC1B8-CBEF-4A9F-A028-20694399B9AB} = {E4FB9D2A-32DE-42F8-8457-1C86739B2D48}
		{415D6E5B-C91E-455F-AA03-5D650B59C58D} = {E4FB9D2A-32DE-42F8-8457-1C86739B2D48}
		{763BBB7C-ECB7-4827-AF5D-BE51B8D6D5CF} = {E4FB9D2A-32DE-42F8-8457-1C86739B2D48}
		{35D0F090-E62C-4A74-9501-79B2ED9761AC} = {6D970795-7F1F-4095-B0BE-0A615BE43F98}
		{333CBD57-CB62-49D8-8EFE-D4A7CF4923E8} = {6D970795-7F1F-4095-B0BE-0A615BE43F98}
		{EE1E3D61-D1A7-4653-80BA-6E1B7BC90D47} = {6D970795-7F1F-4095-B0BE-0A615BE43F98}
		{EBEECF89-DC9A-4D51-B2F5-4EE545CFD113} = {6D970795-7F1F-4095-B0BE-0A615BE43F98}
		{5994B911-99C7-4A14-ACB1-C62339C2A9AE} = {6D970795-7F1F-4095-B0BE-0A615BE43F98}
		{E126D9DF-9ECD-45EA-8A82-1313217638D8} = {6D970795-7F1F-4095-B0BE-0A615BE43F98}
		{54137DB7-8F8B-4BEE-9688-138BF49C5E8A} = {6D970795-7F1F-4095-B0BE-0A615BE43F98}
		{17A556A4-C0C9-49ED-B781-3CA46D43713F} = {6D970795-7F1F-4095-B0BE-0A615BE43F98}
		{6118C8E8-D95C-4507-86FF-9EA85A7E51A3} = {6D970795-7F1F-4095-B0BE-0A615BE43F98}
		{2A7D7EF1-B291-41C0-8533-B82113D14C1F} = {D8478FCC-7573-4E89-888C-D5A78A2EF01C}
		{03271B53-2663-46FE-9C4E-F1547AB33FD0} = {D8478FCC-7573-4E89-888C-D5A78A2EF01C}
		{94C657EA-A788-48B2-8FA2-494227DC3085} = {D8478FCC-7573-4E89-888C-D5A78A2EF01C}
		{C9C0E27D-360F-4D5B-B0BB-CFBE6EEEE83D} = {D8478FCC-7573-4E89-888C-D5A78A2EF01C}
		{55579FEF-E950-455F-A38D-E2D21C562BC6} = {D8478FCC-7573-4E89-888C-D5A78A2EF01C}
		{875E6702-7878-419B-B723-8562BCABA72F} = {D8478FCC-7573-4E89-888C-D5A78A2EF01C}
		{FBD5BEBA-8B31-4ED2-B954-0AF7E7427FA8} = {D8478FCC-7573-4E89-888C-D5A78A2EF01C}
		{40A07B28-0AA2-476B-889A-A10268AAD496} = {D8478FCC-7573-4E89-888C-D5A78A2EF01C}
		{6D955902-8E92-4061-8B01-0FBA5994054F} = {D8478FCC-7573-4E89-888C-D5A78A2EF01C}
		{8EB20119-8B20-4172-A469-748C854D5BC4} = {D8478FCC-7573-4E89-888C-D5A78A2EF01C}
		{F9681D08-9632-4A05-B589-CA88470EDC4E} = {D8478FCC-7573-4E89-888C-D5A78A2EF01C}
		{2EDB05E3-7BF4-47DC-9DF6-FCE97585D82C} = {D8478FCC-7573-4E89-888C-D5A78A2EF01C}
		{56525678-7011-487E-8626-AD43FEEA8495} = {D8478FCC-7573-4E89-888C-D5A78A2EF01C}
		{249E98CD-F148-45ED-B22C-F81D5B36B3BA} = {D8478FCC-7573-4E89-888C-D5A78A2EF01C}
		{5C74BBF7-BC7C-45C6-8C0B-197E340E127E} = {D8478FCC-7573-4E89-888C-D5A78A2EF01C}
		{25F8B64F-5B47-4330-9DAC-1BBD1F0125A8} = {92E20C07-979F-4A72-B94C-586DF5849C64}
		{E85E8360-930C-42BA-8B3B-81B5BCCDF2E1} = {92E20C07-979F-4A72-B94C-586DF5849C64}
		{2C5D9BDB-1626-42DB-B0B2-37933EBAEA73} = {92E20C07-979F-4A72-B94C-586DF5849C64}
		{FB574EEB-9A01-4851-811B-8C107E096394} = {92E20C07-979F-4A72-B94C-586DF5849C64}
		{77F8349A-A8EF-4BA0-9673-786B8F0486B5} = {92E20C07-979F-4A72-B94C-586DF5849C64}
		{0415F327-D09E-4869-AAB5-E7BBB29388FA} = {92E20C07-979F-4A72-B94C-586DF5849C64}
		{956A30B2-0E3B-49DC-8A98-3FCF09828833} = {92E20C07-979F-4A72-B94C-586DF5849C64}
		{131A9A7D-0D8F-4589-9F39-5FAA36CED193} = {92E20C07-979F-4A72-B94C-586DF5849C64}
		{8D4DDB19-723E-421A-B802-B759D492AD9C} = {92E20C07-979F-4A72-B94C-586DF5849C64}
		{777100F1-D85A-46A5-B244-5B1AFC328A32} = {B8F5F7EC-547C-49DF-8156-A6D0391BA5BE}
		{AC8EB8CA-E872-4138-A818-35F3DED6FF6B} = {B8F5F7EC-547C-49DF-8156-A6D0391BA5BE}
		{AAF3BEDC-3809-4452-A4D4-F9C2AEFA675B} = {7E5BD11B-C87B-40B1-85EE-573B7C5B599B}
		{16ADF7F8-50FA-48AF-B740-8D70ED16C971} = {7E5BD11B-C87B-40B1-85EE-573B7C5B599B}
		{46A9541C-FB42-4091-91A0-AF1DA11B8C6E} = {A7087A35-3649-4E20-AD55-034252968218}
		{17AC0FEA-0918-4F5D-8262-FB5FD4CD6E6B} = {A7087A35-3649-4E20-AD55-034252968218}
		{8EEC7601-C21E-4FA7-A5EE-560A7D315E94} = {A7087A35-3649-4E20-AD55-034252968218}
		{F9B75D77-6A2A-41AA-AD7B-CF261941E275} = {A7087A35-3649-4E20-AD55-034252968218}
		{A8FD9938-6DCA-4BE1-9881-7F5AE8901E3D} = {A7087A35-3649-4E20-AD55-034252968218}
		{8574C81F-71C4-4AE2-BE31-937A9EA79058} = {A7087A35-3649-4E20-AD55-034252968218}
		{7F36711E-AA95-4824-BEA3-6077005D0E75} = {A7087A35-3649-4E20-AD55-034252968218}
		{9EA5B1CE-3D5B-4296-9C53-B366553EB2B7} = {A7087A35-3649-4E20-AD55-034252968218}
		{1BB5ACD0-13D5-410A-BCB9-E78F58B2261A} = {A7087A35-3649-4E20-AD55-034252968218}
	EndGlobalSection
	GlobalSection(ExtensibilityGlobals) = postSolution
		SolutionGuid = {5B10CFDC-3C71-48B2-91A4-9805AE1E7B73}
	EndGlobalSection
EndGlobal
